PODS:
  - CocoaLumberjack (3.6.2):
    - CocoaLumberjack/Core (= 3.6.2)
  - CocoaLumberjack/Core (3.6.2)
  - SDWebImage (5.0.1):
    - SDWebImage/Core (= 5.0.1)
  - SDWebImage/Core (5.0.1)
  - SVGKit (3.0.0):
    - CocoaLumberjack (~> 3.0)

DEPENDENCIES:
  - SDWebImage (~> 5.0.1)
  - SVGKit (~> 3.0.0)

SPEC REPOS:
  trunk:
    - CocoaLumberjack
    - SDWebImage
    - SVGKit

SPEC CHECKSUMS:
  CocoaLumberjack: bd155f2dd06c0e0b03f876f7a3ee55693122ec94
  SDWebImage: 27dd2c9ea07a2252f94557c9fbb6105ee94b74c9
  SVGKit: 1ad7513f8c74d9652f94ed64ddecda1a23864dea

PODFILE CHECKSUM: da25144e6903bb1fae06c2ea3f14b42614769ddb

COCOAPODS: 1.16.2
