// !$*UTF8*$!
{
	archiveVersion = 1;
	classes = {
	};
	objectVersion = 50;
	objects = {

/* Begin PBXBuildFile section */
		A3019646D26D6A85F62D5E2A /* libPods-YOToolDemo.a in Frameworks */ = {isa = PBXBuildFile; fileRef = 10110B1B462D543F1368EA9C /* libPods-YOToolDemo.a */; };
		CD11727E24EB6F8600E3A934 /* YOBaseView.h in Headers */ = {isa = PBXBuildFile; fileRef = CD11727C24EB6F8600E3A934 /* YOBaseView.h */; settings = {ATTRIBUTES = (Public, ); }; };
		CD11727F24EB6F8600E3A934 /* YOBaseView.m in Sources */ = {isa = PBXBuildFile; fileRef = CD11727D24EB6F8600E3A934 /* YOBaseView.m */; };
		CD11728224EB703600E3A934 /* YOBaseScroll.h in Headers */ = {isa = PBXBuildFile; fileRef = CD11728024EB703600E3A934 /* YOBaseScroll.h */; settings = {ATTRIBUTES = (Public, ); }; };
		CD11728324EB703600E3A934 /* YOBaseScroll.m in Sources */ = {isa = PBXBuildFile; fileRef = CD11728124EB703600E3A934 /* YOBaseScroll.m */; };
		CD11728624EB709B00E3A934 /* YOBaseCell.h in Headers */ = {isa = PBXBuildFile; fileRef = CD11728424EB709B00E3A934 /* YOBaseCell.h */; settings = {ATTRIBUTES = (Public, ); }; };
		CD11728724EB709B00E3A934 /* YOBaseCell.m in Sources */ = {isa = PBXBuildFile; fileRef = CD11728524EB709B00E3A934 /* YOBaseCell.m */; };
		CD11728A24EB70FD00E3A934 /* YOBaseCollCell.h in Headers */ = {isa = PBXBuildFile; fileRef = CD11728824EB70FD00E3A934 /* YOBaseCollCell.h */; settings = {ATTRIBUTES = (Public, ); }; };
		CD11728B24EB70FD00E3A934 /* YOBaseCollCell.m in Sources */ = {isa = PBXBuildFile; fileRef = CD11728924EB70FD00E3A934 /* YOBaseCollCell.m */; };
		CD11728E24EB752F00E3A934 /* YODatePickView.h in Headers */ = {isa = PBXBuildFile; fileRef = CD11728C24EB752F00E3A934 /* YODatePickView.h */; settings = {ATTRIBUTES = (Public, ); }; };
		CD11728F24EB752F00E3A934 /* YODatePickView.m in Sources */ = {isa = PBXBuildFile; fileRef = CD11728D24EB752F00E3A934 /* YODatePickView.m */; };
		CD11729224EB779E00E3A934 /* YOLocationTool.h in Headers */ = {isa = PBXBuildFile; fileRef = CD11729024EB779E00E3A934 /* YOLocationTool.h */; settings = {ATTRIBUTES = (Public, ); }; };
		CD11729324EB779E00E3A934 /* YOLocationTool.m in Sources */ = {isa = PBXBuildFile; fileRef = CD11729124EB779E00E3A934 /* YOLocationTool.m */; };
		CD11729624EB79D600E3A934 /* NSMutableArray+YOTool.h in Headers */ = {isa = PBXBuildFile; fileRef = CD11729424EB79D600E3A934 /* NSMutableArray+YOTool.h */; settings = {ATTRIBUTES = (Public, ); }; };
		CD11729724EB79D600E3A934 /* NSMutableArray+YOTool.m in Sources */ = {isa = PBXBuildFile; fileRef = CD11729524EB79D600E3A934 /* NSMutableArray+YOTool.m */; };
		CD7B891C265E43E600BAAA5E /* YOCollectionFlowLayout.h in Headers */ = {isa = PBXBuildFile; fileRef = CD7B891A265E43E600BAAA5E /* YOCollectionFlowLayout.h */; settings = {ATTRIBUTES = (Public, ); }; };
		CD7B891D265E43E600BAAA5E /* YOCollectionFlowLayout.m in Sources */ = {isa = PBXBuildFile; fileRef = CD7B891B265E43E600BAAA5E /* YOCollectionFlowLayout.m */; };
		CD7B8920265E4ADB00BAAA5E /* NSNumber+YOTool.h in Headers */ = {isa = PBXBuildFile; fileRef = CD7B891E265E4ADB00BAAA5E /* NSNumber+YOTool.h */; settings = {ATTRIBUTES = (Public, ); }; };
		CD7B8921265E4ADB00BAAA5E /* NSNumber+YOTool.m in Sources */ = {isa = PBXBuildFile; fileRef = CD7B891F265E4ADB00BAAA5E /* NSNumber+YOTool.m */; };
		CD7B8924265E4B0700BAAA5E /* NSString+YOTool.h in Headers */ = {isa = PBXBuildFile; fileRef = CD7B8922265E4B0700BAAA5E /* NSString+YOTool.h */; settings = {ATTRIBUTES = (Public, ); }; };
		CD7B8925265E4B0700BAAA5E /* NSString+YOTool.m in Sources */ = {isa = PBXBuildFile; fileRef = CD7B8923265E4B0700BAAA5E /* NSString+YOTool.m */; };
		CD7B8928265E4F7D00BAAA5E /* YOBaseField.h in Headers */ = {isa = PBXBuildFile; fileRef = CD7B8926265E4F7D00BAAA5E /* YOBaseField.h */; settings = {ATTRIBUTES = (Public, ); }; };
		CD7B8929265E4F7D00BAAA5E /* YOBaseField.m in Sources */ = {isa = PBXBuildFile; fileRef = CD7B8927265E4F7D00BAAA5E /* YOBaseField.m */; };
		CD7B892C265E50F500BAAA5E /* YORoundProgressView.h in Headers */ = {isa = PBXBuildFile; fileRef = CD7B892A265E50F500BAAA5E /* YORoundProgressView.h */; settings = {ATTRIBUTES = (Public, ); }; };
		CD7B892D265E50F500BAAA5E /* YORoundProgressView.m in Sources */ = {isa = PBXBuildFile; fileRef = CD7B892B265E50F500BAAA5E /* YORoundProgressView.m */; };
		CDCA939A22713F1200A38A3D /* YOTool.framework in Frameworks */ = {isa = PBXBuildFile; fileRef = CDCA939022713F1200A38A3D /* YOTool.framework */; };
		CDCA939F22713F1200A38A3D /* YOToolTests.m in Sources */ = {isa = PBXBuildFile; fileRef = CDCA939E22713F1200A38A3D /* YOToolTests.m */; };
		CDCA93A122713F1200A38A3D /* YOTool.h in Headers */ = {isa = PBXBuildFile; fileRef = CDCA939322713F1200A38A3D /* YOTool.h */; settings = {ATTRIBUTES = (Public, ); }; };
		CDCA93B22271415300A38A3D /* AppDelegate.m in Sources */ = {isa = PBXBuildFile; fileRef = CDCA93B12271415300A38A3D /* AppDelegate.m */; };
		CDCA93BA2271415400A38A3D /* Assets.xcassets in Resources */ = {isa = PBXBuildFile; fileRef = CDCA93B92271415400A38A3D /* Assets.xcassets */; };
		CDCA93BD2271415400A38A3D /* LaunchScreen.storyboard in Resources */ = {isa = PBXBuildFile; fileRef = CDCA93BB2271415400A38A3D /* LaunchScreen.storyboard */; };
		CDCA93C02271415400A38A3D /* main.m in Sources */ = {isa = PBXBuildFile; fileRef = CDCA93BF2271415400A38A3D /* main.m */; };
		CDCA93CA2271415400A38A3D /* YOToolDemoTests.m in Sources */ = {isa = PBXBuildFile; fileRef = CDCA93C92271415400A38A3D /* YOToolDemoTests.m */; };
		CDCA93D52271415400A38A3D /* YOToolDemoUITests.m in Sources */ = {isa = PBXBuildFile; fileRef = CDCA93D42271415400A38A3D /* YOToolDemoUITests.m */; };
		CDCA93E42271421A00A38A3D /* YODemoMainVc.m in Sources */ = {isa = PBXBuildFile; fileRef = CDCA93E32271421A00A38A3D /* YODemoMainVc.m */; };
		CDCA93E72271430400A38A3D /* UIView+YOTool.h in Headers */ = {isa = PBXBuildFile; fileRef = CDCA93E52271430400A38A3D /* UIView+YOTool.h */; settings = {ATTRIBUTES = (Public, ); }; };
		CDCA93E82271430400A38A3D /* UIView+YOTool.m in Sources */ = {isa = PBXBuildFile; fileRef = CDCA93E62271430400A38A3D /* UIView+YOTool.m */; };
		CDCA93EF2271461000A38A3D /* YOTool.framework in Frameworks */ = {isa = PBXBuildFile; fileRef = CDCA939022713F1200A38A3D /* YOTool.framework */; };
		CDCA93F6227148F600A38A3D /* YOMainTool.h in Headers */ = {isa = PBXBuildFile; fileRef = CDCA93F4227148F600A38A3D /* YOMainTool.h */; settings = {ATTRIBUTES = (Public, ); }; };
		CDCA93F7227148F600A38A3D /* YOMainTool.m in Sources */ = {isa = PBXBuildFile; fileRef = CDCA93F5227148F600A38A3D /* YOMainTool.m */; };
		CDCA93FA227157DD00A38A3D /* SecondVc.m in Sources */ = {isa = PBXBuildFile; fileRef = CDCA93F9227157DD00A38A3D /* SecondVc.m */; };
		CDCA93FD22715E7F00A38A3D /* UIFont+YOTool.h in Headers */ = {isa = PBXBuildFile; fileRef = CDCA93FB22715E7F00A38A3D /* UIFont+YOTool.h */; settings = {ATTRIBUTES = (Public, ); }; };
		CDCA93FE22715E7F00A38A3D /* UIFont+YOTool.m in Sources */ = {isa = PBXBuildFile; fileRef = CDCA93FC22715E7F00A38A3D /* UIFont+YOTool.m */; };
		CDCA9401227160F600A38A3D /* NSDictionary+YOLogTool.h in Headers */ = {isa = PBXBuildFile; fileRef = CDCA93FF227160F600A38A3D /* NSDictionary+YOLogTool.h */; settings = {ATTRIBUTES = (Public, ); }; };
		CDCA9402227160F600A38A3D /* NSDictionary+YOLogTool.m in Sources */ = {isa = PBXBuildFile; fileRef = CDCA9400227160F600A38A3D /* NSDictionary+YOLogTool.m */; };
		CDCA94052271616300A38A3D /* UIImage+YOTool.h in Headers */ = {isa = PBXBuildFile; fileRef = CDCA94032271616300A38A3D /* UIImage+YOTool.h */; settings = {ATTRIBUTES = (Public, ); }; };
		CDCA94062271616300A38A3D /* UIImage+YOTool.m in Sources */ = {isa = PBXBuildFile; fileRef = CDCA94042271616300A38A3D /* UIImage+YOTool.m */; };
		CDCA940D22717AF300A38A3D /* UIViewController+YOTool.h in Headers */ = {isa = PBXBuildFile; fileRef = CDCA940B22717AF300A38A3D /* UIViewController+YOTool.h */; settings = {ATTRIBUTES = (Public, ); }; };
		CDCA940E22717AF300A38A3D /* UIViewController+YOTool.m in Sources */ = {isa = PBXBuildFile; fileRef = CDCA940C22717AF300A38A3D /* UIViewController+YOTool.m */; };
		CDCA941122717E0200A38A3D /* NSMutableDictionary+YOTool.h in Headers */ = {isa = PBXBuildFile; fileRef = CDCA940F22717E0200A38A3D /* NSMutableDictionary+YOTool.h */; settings = {ATTRIBUTES = (Public, ); }; };
		CDCA941222717E0200A38A3D /* NSMutableDictionary+YOTool.m in Sources */ = {isa = PBXBuildFile; fileRef = CDCA941022717E0200A38A3D /* NSMutableDictionary+YOTool.m */; };
		CDCA941522717E8400A38A3D /* NSNull+YOTool.h in Headers */ = {isa = PBXBuildFile; fileRef = CDCA941322717E8400A38A3D /* NSNull+YOTool.h */; settings = {ATTRIBUTES = (Public, ); }; };
		CDCA941622717E8400A38A3D /* NSNull+YOTool.m in Sources */ = {isa = PBXBuildFile; fileRef = CDCA941422717E8400A38A3D /* NSNull+YOTool.m */; };
		CDCA941922717F9900A38A3D /* UILabel+YOTool.h in Headers */ = {isa = PBXBuildFile; fileRef = CDCA941722717F9900A38A3D /* UILabel+YOTool.h */; settings = {ATTRIBUTES = (Public, ); }; };
		CDCA941A22717F9900A38A3D /* UILabel+YOTool.m in Sources */ = {isa = PBXBuildFile; fileRef = CDCA941822717F9900A38A3D /* UILabel+YOTool.m */; };
		CDCA941D2271818300A38A3D /* UITextField+YOTool.h in Headers */ = {isa = PBXBuildFile; fileRef = CDCA941B2271818300A38A3D /* UITextField+YOTool.h */; settings = {ATTRIBUTES = (Public, ); }; };
		CDCA941E2271818300A38A3D /* UITextField+YOTool.m in Sources */ = {isa = PBXBuildFile; fileRef = CDCA941C2271818300A38A3D /* UITextField+YOTool.m */; };
		CDCA94212271821A00A38A3D /* UIButton+YOTool.h in Headers */ = {isa = PBXBuildFile; fileRef = CDCA941F2271821A00A38A3D /* UIButton+YOTool.h */; settings = {ATTRIBUTES = (Public, ); }; };
		CDCA94222271821A00A38A3D /* UIButton+YOTool.m in Sources */ = {isa = PBXBuildFile; fileRef = CDCA94202271821A00A38A3D /* UIButton+YOTool.m */; };
		CDCA94292271894200A38A3D /* YOPickView.h in Headers */ = {isa = PBXBuildFile; fileRef = CDCA94272271894200A38A3D /* YOPickView.h */; settings = {ATTRIBUTES = (Public, ); }; };
		CDCA942A2271894200A38A3D /* YOPickView.m in Sources */ = {isa = PBXBuildFile; fileRef = CDCA94282271894200A38A3D /* YOPickView.m */; };
/* End PBXBuildFile section */

/* Begin PBXContainerItemProxy section */
		CDCA939B22713F1200A38A3D /* PBXContainerItemProxy */ = {
			isa = PBXContainerItemProxy;
			containerPortal = CDCA938722713F1200A38A3D /* Project object */;
			proxyType = 1;
			remoteGlobalIDString = CDCA938F22713F1200A38A3D;
			remoteInfo = YOTool;
		};
		CDCA93C62271415400A38A3D /* PBXContainerItemProxy */ = {
			isa = PBXContainerItemProxy;
			containerPortal = CDCA938722713F1200A38A3D /* Project object */;
			proxyType = 1;
			remoteGlobalIDString = CDCA93AD2271415300A38A3D;
			remoteInfo = YOToolDemo;
		};
		CDCA93D12271415400A38A3D /* PBXContainerItemProxy */ = {
			isa = PBXContainerItemProxy;
			containerPortal = CDCA938722713F1200A38A3D /* Project object */;
			proxyType = 1;
			remoteGlobalIDString = CDCA93AD2271415300A38A3D;
			remoteInfo = YOToolDemo;
		};
/* End PBXContainerItemProxy section */

/* Begin PBXFileReference section */
		10110B1B462D543F1368EA9C /* libPods-YOToolDemo.a */ = {isa = PBXFileReference; explicitFileType = archive.ar; includeInIndex = 0; path = "libPods-YOToolDemo.a"; sourceTree = BUILT_PRODUCTS_DIR; };
		418FBD89FA842A5F9303EB6C /* Pods-YOToolDemo.release.xcconfig */ = {isa = PBXFileReference; includeInIndex = 1; lastKnownFileType = text.xcconfig; name = "Pods-YOToolDemo.release.xcconfig"; path = "Target Support Files/Pods-YOToolDemo/Pods-YOToolDemo.release.xcconfig"; sourceTree = "<group>"; };
		65E81132B83C257BEDE99DD0 /* Pods-YOToolDemo.debug.xcconfig */ = {isa = PBXFileReference; includeInIndex = 1; lastKnownFileType = text.xcconfig; name = "Pods-YOToolDemo.debug.xcconfig"; path = "Target Support Files/Pods-YOToolDemo/Pods-YOToolDemo.debug.xcconfig"; sourceTree = "<group>"; };
		CD11727C24EB6F8600E3A934 /* YOBaseView.h */ = {isa = PBXFileReference; lastKnownFileType = sourcecode.c.h; path = YOBaseView.h; sourceTree = "<group>"; };
		CD11727D24EB6F8600E3A934 /* YOBaseView.m */ = {isa = PBXFileReference; lastKnownFileType = sourcecode.c.objc; path = YOBaseView.m; sourceTree = "<group>"; };
		CD11728024EB703600E3A934 /* YOBaseScroll.h */ = {isa = PBXFileReference; lastKnownFileType = sourcecode.c.h; path = YOBaseScroll.h; sourceTree = "<group>"; };
		CD11728124EB703600E3A934 /* YOBaseScroll.m */ = {isa = PBXFileReference; lastKnownFileType = sourcecode.c.objc; path = YOBaseScroll.m; sourceTree = "<group>"; };
		CD11728424EB709B00E3A934 /* YOBaseCell.h */ = {isa = PBXFileReference; lastKnownFileType = sourcecode.c.h; path = YOBaseCell.h; sourceTree = "<group>"; };
		CD11728524EB709B00E3A934 /* YOBaseCell.m */ = {isa = PBXFileReference; lastKnownFileType = sourcecode.c.objc; path = YOBaseCell.m; sourceTree = "<group>"; };
		CD11728824EB70FD00E3A934 /* YOBaseCollCell.h */ = {isa = PBXFileReference; lastKnownFileType = sourcecode.c.h; path = YOBaseCollCell.h; sourceTree = "<group>"; };
		CD11728924EB70FD00E3A934 /* YOBaseCollCell.m */ = {isa = PBXFileReference; lastKnownFileType = sourcecode.c.objc; path = YOBaseCollCell.m; sourceTree = "<group>"; };
		CD11728C24EB752F00E3A934 /* YODatePickView.h */ = {isa = PBXFileReference; lastKnownFileType = sourcecode.c.h; path = YODatePickView.h; sourceTree = "<group>"; };
		CD11728D24EB752F00E3A934 /* YODatePickView.m */ = {isa = PBXFileReference; lastKnownFileType = sourcecode.c.objc; path = YODatePickView.m; sourceTree = "<group>"; };
		CD11729024EB779E00E3A934 /* YOLocationTool.h */ = {isa = PBXFileReference; lastKnownFileType = sourcecode.c.h; path = YOLocationTool.h; sourceTree = "<group>"; };
		CD11729124EB779E00E3A934 /* YOLocationTool.m */ = {isa = PBXFileReference; lastKnownFileType = sourcecode.c.objc; path = YOLocationTool.m; sourceTree = "<group>"; };
		CD11729424EB79D600E3A934 /* NSMutableArray+YOTool.h */ = {isa = PBXFileReference; lastKnownFileType = sourcecode.c.h; path = "NSMutableArray+YOTool.h"; sourceTree = "<group>"; };
		CD11729524EB79D600E3A934 /* NSMutableArray+YOTool.m */ = {isa = PBXFileReference; lastKnownFileType = sourcecode.c.objc; path = "NSMutableArray+YOTool.m"; sourceTree = "<group>"; };
		CD7B891A265E43E600BAAA5E /* YOCollectionFlowLayout.h */ = {isa = PBXFileReference; lastKnownFileType = sourcecode.c.h; path = YOCollectionFlowLayout.h; sourceTree = "<group>"; };
		CD7B891B265E43E600BAAA5E /* YOCollectionFlowLayout.m */ = {isa = PBXFileReference; lastKnownFileType = sourcecode.c.objc; path = YOCollectionFlowLayout.m; sourceTree = "<group>"; };
		CD7B891E265E4ADB00BAAA5E /* NSNumber+YOTool.h */ = {isa = PBXFileReference; lastKnownFileType = sourcecode.c.h; path = "NSNumber+YOTool.h"; sourceTree = "<group>"; };
		CD7B891F265E4ADB00BAAA5E /* NSNumber+YOTool.m */ = {isa = PBXFileReference; lastKnownFileType = sourcecode.c.objc; path = "NSNumber+YOTool.m"; sourceTree = "<group>"; };
		CD7B8922265E4B0700BAAA5E /* NSString+YOTool.h */ = {isa = PBXFileReference; lastKnownFileType = sourcecode.c.h; path = "NSString+YOTool.h"; sourceTree = "<group>"; };
		CD7B8923265E4B0700BAAA5E /* NSString+YOTool.m */ = {isa = PBXFileReference; lastKnownFileType = sourcecode.c.objc; path = "NSString+YOTool.m"; sourceTree = "<group>"; };
		CD7B8926265E4F7D00BAAA5E /* YOBaseField.h */ = {isa = PBXFileReference; lastKnownFileType = sourcecode.c.h; path = YOBaseField.h; sourceTree = "<group>"; };
		CD7B8927265E4F7D00BAAA5E /* YOBaseField.m */ = {isa = PBXFileReference; lastKnownFileType = sourcecode.c.objc; path = YOBaseField.m; sourceTree = "<group>"; };
		CD7B892A265E50F500BAAA5E /* YORoundProgressView.h */ = {isa = PBXFileReference; lastKnownFileType = sourcecode.c.h; path = YORoundProgressView.h; sourceTree = "<group>"; };
		CD7B892B265E50F500BAAA5E /* YORoundProgressView.m */ = {isa = PBXFileReference; lastKnownFileType = sourcecode.c.objc; path = YORoundProgressView.m; sourceTree = "<group>"; };
		CD92BA9122731E0700B44FD7 /* SystemConfiguration.framework */ = {isa = PBXFileReference; lastKnownFileType = wrapper.framework; name = SystemConfiguration.framework; path = System/Library/Frameworks/SystemConfiguration.framework; sourceTree = SDKROOT; };
		CDCA939022713F1200A38A3D /* YOTool.framework */ = {isa = PBXFileReference; explicitFileType = wrapper.framework; includeInIndex = 0; path = YOTool.framework; sourceTree = BUILT_PRODUCTS_DIR; };
		CDCA939322713F1200A38A3D /* YOTool.h */ = {isa = PBXFileReference; lastKnownFileType = sourcecode.c.h; path = YOTool.h; sourceTree = "<group>"; };
		CDCA939422713F1200A38A3D /* Info.plist */ = {isa = PBXFileReference; lastKnownFileType = text.plist.xml; path = Info.plist; sourceTree = "<group>"; };
		CDCA939922713F1200A38A3D /* YOToolTests.xctest */ = {isa = PBXFileReference; explicitFileType = wrapper.cfbundle; includeInIndex = 0; path = YOToolTests.xctest; sourceTree = BUILT_PRODUCTS_DIR; };
		CDCA939E22713F1200A38A3D /* YOToolTests.m */ = {isa = PBXFileReference; lastKnownFileType = sourcecode.c.objc; path = YOToolTests.m; sourceTree = "<group>"; };
		CDCA93A022713F1200A38A3D /* Info.plist */ = {isa = PBXFileReference; lastKnownFileType = text.plist.xml; path = Info.plist; sourceTree = "<group>"; };
		CDCA93AE2271415300A38A3D /* YOToolDemo.app */ = {isa = PBXFileReference; explicitFileType = wrapper.application; includeInIndex = 0; path = YOToolDemo.app; sourceTree = BUILT_PRODUCTS_DIR; };
		CDCA93B02271415300A38A3D /* AppDelegate.h */ = {isa = PBXFileReference; lastKnownFileType = sourcecode.c.h; path = AppDelegate.h; sourceTree = "<group>"; };
		CDCA93B12271415300A38A3D /* AppDelegate.m */ = {isa = PBXFileReference; lastKnownFileType = sourcecode.c.objc; path = AppDelegate.m; sourceTree = "<group>"; };
		CDCA93B92271415400A38A3D /* Assets.xcassets */ = {isa = PBXFileReference; lastKnownFileType = folder.assetcatalog; path = Assets.xcassets; sourceTree = "<group>"; };
		CDCA93BC2271415400A38A3D /* Base */ = {isa = PBXFileReference; lastKnownFileType = file.storyboard; name = Base; path = Base.lproj/LaunchScreen.storyboard; sourceTree = "<group>"; };
		CDCA93BE2271415400A38A3D /* Info.plist */ = {isa = PBXFileReference; lastKnownFileType = text.plist.xml; path = Info.plist; sourceTree = "<group>"; };
		CDCA93BF2271415400A38A3D /* main.m */ = {isa = PBXFileReference; lastKnownFileType = sourcecode.c.objc; path = main.m; sourceTree = "<group>"; };
		CDCA93C52271415400A38A3D /* YOToolDemoTests.xctest */ = {isa = PBXFileReference; explicitFileType = wrapper.cfbundle; includeInIndex = 0; path = YOToolDemoTests.xctest; sourceTree = BUILT_PRODUCTS_DIR; };
		CDCA93C92271415400A38A3D /* YOToolDemoTests.m */ = {isa = PBXFileReference; lastKnownFileType = sourcecode.c.objc; path = YOToolDemoTests.m; sourceTree = "<group>"; };
		CDCA93CB2271415400A38A3D /* Info.plist */ = {isa = PBXFileReference; lastKnownFileType = text.plist.xml; path = Info.plist; sourceTree = "<group>"; };
		CDCA93D02271415400A38A3D /* YOToolDemoUITests.xctest */ = {isa = PBXFileReference; explicitFileType = wrapper.cfbundle; includeInIndex = 0; path = YOToolDemoUITests.xctest; sourceTree = BUILT_PRODUCTS_DIR; };
		CDCA93D42271415400A38A3D /* YOToolDemoUITests.m */ = {isa = PBXFileReference; lastKnownFileType = sourcecode.c.objc; path = YOToolDemoUITests.m; sourceTree = "<group>"; };
		CDCA93D62271415400A38A3D /* Info.plist */ = {isa = PBXFileReference; lastKnownFileType = text.plist.xml; path = Info.plist; sourceTree = "<group>"; };
		CDCA93E22271421A00A38A3D /* YODemoMainVc.h */ = {isa = PBXFileReference; lastKnownFileType = sourcecode.c.h; path = YODemoMainVc.h; sourceTree = "<group>"; };
		CDCA93E32271421A00A38A3D /* YODemoMainVc.m */ = {isa = PBXFileReference; lastKnownFileType = sourcecode.c.objc; path = YODemoMainVc.m; sourceTree = "<group>"; };
		CDCA93E52271430400A38A3D /* UIView+YOTool.h */ = {isa = PBXFileReference; lastKnownFileType = sourcecode.c.h; path = "UIView+YOTool.h"; sourceTree = "<group>"; };
		CDCA93E62271430400A38A3D /* UIView+YOTool.m */ = {isa = PBXFileReference; lastKnownFileType = sourcecode.c.objc; path = "UIView+YOTool.m"; sourceTree = "<group>"; };
		CDCA93E92271439700A38A3D /* PrefixHeader.pch */ = {isa = PBXFileReference; lastKnownFileType = sourcecode.c.h; path = PrefixHeader.pch; sourceTree = "<group>"; };
		CDCA93F4227148F600A38A3D /* YOMainTool.h */ = {isa = PBXFileReference; lastKnownFileType = sourcecode.c.h; path = YOMainTool.h; sourceTree = "<group>"; };
		CDCA93F5227148F600A38A3D /* YOMainTool.m */ = {isa = PBXFileReference; lastKnownFileType = sourcecode.c.objc; path = YOMainTool.m; sourceTree = "<group>"; };
		CDCA93F8227157DD00A38A3D /* SecondVc.h */ = {isa = PBXFileReference; lastKnownFileType = sourcecode.c.h; path = SecondVc.h; sourceTree = "<group>"; };
		CDCA93F9227157DD00A38A3D /* SecondVc.m */ = {isa = PBXFileReference; lastKnownFileType = sourcecode.c.objc; path = SecondVc.m; sourceTree = "<group>"; };
		CDCA93FB22715E7F00A38A3D /* UIFont+YOTool.h */ = {isa = PBXFileReference; lastKnownFileType = sourcecode.c.h; path = "UIFont+YOTool.h"; sourceTree = "<group>"; };
		CDCA93FC22715E7F00A38A3D /* UIFont+YOTool.m */ = {isa = PBXFileReference; lastKnownFileType = sourcecode.c.objc; path = "UIFont+YOTool.m"; sourceTree = "<group>"; };
		CDCA93FF227160F600A38A3D /* NSDictionary+YOLogTool.h */ = {isa = PBXFileReference; lastKnownFileType = sourcecode.c.h; path = "NSDictionary+YOLogTool.h"; sourceTree = "<group>"; };
		CDCA9400227160F600A38A3D /* NSDictionary+YOLogTool.m */ = {isa = PBXFileReference; lastKnownFileType = sourcecode.c.objc; path = "NSDictionary+YOLogTool.m"; sourceTree = "<group>"; };
		CDCA94032271616300A38A3D /* UIImage+YOTool.h */ = {isa = PBXFileReference; lastKnownFileType = sourcecode.c.h; path = "UIImage+YOTool.h"; sourceTree = "<group>"; };
		CDCA94042271616300A38A3D /* UIImage+YOTool.m */ = {isa = PBXFileReference; lastKnownFileType = sourcecode.c.objc; path = "UIImage+YOTool.m"; sourceTree = "<group>"; };
		CDCA940B22717AF300A38A3D /* UIViewController+YOTool.h */ = {isa = PBXFileReference; lastKnownFileType = sourcecode.c.h; path = "UIViewController+YOTool.h"; sourceTree = "<group>"; };
		CDCA940C22717AF300A38A3D /* UIViewController+YOTool.m */ = {isa = PBXFileReference; lastKnownFileType = sourcecode.c.objc; path = "UIViewController+YOTool.m"; sourceTree = "<group>"; };
		CDCA940F22717E0200A38A3D /* NSMutableDictionary+YOTool.h */ = {isa = PBXFileReference; lastKnownFileType = sourcecode.c.h; path = "NSMutableDictionary+YOTool.h"; sourceTree = "<group>"; };
		CDCA941022717E0200A38A3D /* NSMutableDictionary+YOTool.m */ = {isa = PBXFileReference; lastKnownFileType = sourcecode.c.objc; path = "NSMutableDictionary+YOTool.m"; sourceTree = "<group>"; };
		CDCA941322717E8400A38A3D /* NSNull+YOTool.h */ = {isa = PBXFileReference; lastKnownFileType = sourcecode.c.h; path = "NSNull+YOTool.h"; sourceTree = "<group>"; };
		CDCA941422717E8400A38A3D /* NSNull+YOTool.m */ = {isa = PBXFileReference; lastKnownFileType = sourcecode.c.objc; path = "NSNull+YOTool.m"; sourceTree = "<group>"; };
		CDCA941722717F9900A38A3D /* UILabel+YOTool.h */ = {isa = PBXFileReference; lastKnownFileType = sourcecode.c.h; path = "UILabel+YOTool.h"; sourceTree = "<group>"; };
		CDCA941822717F9900A38A3D /* UILabel+YOTool.m */ = {isa = PBXFileReference; lastKnownFileType = sourcecode.c.objc; path = "UILabel+YOTool.m"; sourceTree = "<group>"; };
		CDCA941B2271818300A38A3D /* UITextField+YOTool.h */ = {isa = PBXFileReference; lastKnownFileType = sourcecode.c.h; path = "UITextField+YOTool.h"; sourceTree = "<group>"; };
		CDCA941C2271818300A38A3D /* UITextField+YOTool.m */ = {isa = PBXFileReference; lastKnownFileType = sourcecode.c.objc; path = "UITextField+YOTool.m"; sourceTree = "<group>"; };
		CDCA941F2271821A00A38A3D /* UIButton+YOTool.h */ = {isa = PBXFileReference; lastKnownFileType = sourcecode.c.h; path = "UIButton+YOTool.h"; sourceTree = "<group>"; };
		CDCA94202271821A00A38A3D /* UIButton+YOTool.m */ = {isa = PBXFileReference; lastKnownFileType = sourcecode.c.objc; path = "UIButton+YOTool.m"; sourceTree = "<group>"; };
		CDCA94272271894200A38A3D /* YOPickView.h */ = {isa = PBXFileReference; lastKnownFileType = sourcecode.c.h; path = YOPickView.h; sourceTree = "<group>"; };
		CDCA94282271894200A38A3D /* YOPickView.m */ = {isa = PBXFileReference; lastKnownFileType = sourcecode.c.objc; path = YOPickView.m; sourceTree = "<group>"; };
/* End PBXFileReference section */

/* Begin PBXFrameworksBuildPhase section */
		CDCA938D22713F1200A38A3D /* Frameworks */ = {
			isa = PBXFrameworksBuildPhase;
			buildActionMask = 2147483647;
			files = (
			);
			runOnlyForDeploymentPostprocessing = 0;
		};
		CDCA939622713F1200A38A3D /* Frameworks */ = {
			isa = PBXFrameworksBuildPhase;
			buildActionMask = 2147483647;
			files = (
				CDCA939A22713F1200A38A3D /* YOTool.framework in Frameworks */,
			);
			runOnlyForDeploymentPostprocessing = 0;
		};
		CDCA93AB2271415300A38A3D /* Frameworks */ = {
			isa = PBXFrameworksBuildPhase;
			buildActionMask = 2147483647;
			files = (
				CDCA93EF2271461000A38A3D /* YOTool.framework in Frameworks */,
				A3019646D26D6A85F62D5E2A /* libPods-YOToolDemo.a in Frameworks */,
			);
			runOnlyForDeploymentPostprocessing = 0;
		};
		CDCA93C22271415400A38A3D /* Frameworks */ = {
			isa = PBXFrameworksBuildPhase;
			buildActionMask = 2147483647;
			files = (
			);
			runOnlyForDeploymentPostprocessing = 0;
		};
		CDCA93CD2271415400A38A3D /* Frameworks */ = {
			isa = PBXFrameworksBuildPhase;
			buildActionMask = 2147483647;
			files = (
			);
			runOnlyForDeploymentPostprocessing = 0;
		};
/* End PBXFrameworksBuildPhase section */

/* Begin PBXGroup section */
		90D8CC77A4FD7D439A362938 /* Pods */ = {
			isa = PBXGroup;
			children = (
				65E81132B83C257BEDE99DD0 /* Pods-YOToolDemo.debug.xcconfig */,
				418FBD89FA842A5F9303EB6C /* Pods-YOToolDemo.release.xcconfig */,
			);
			path = Pods;
			sourceTree = "<group>";
		};
		CDCA938622713F1200A38A3D = {
			isa = PBXGroup;
			children = (
				CDCA939222713F1200A38A3D /* YOTool */,
				CDCA939D22713F1200A38A3D /* YOToolTests */,
				CDCA93AF2271415300A38A3D /* YOToolDemo */,
				CDCA93C82271415400A38A3D /* YOToolDemoTests */,
				CDCA93D32271415400A38A3D /* YOToolDemoUITests */,
				CDCA939122713F1200A38A3D /* Products */,
				CDCA93E02271417000A38A3D /* Frameworks */,
				90D8CC77A4FD7D439A362938 /* Pods */,
			);
			sourceTree = "<group>";
		};
		CDCA939122713F1200A38A3D /* Products */ = {
			isa = PBXGroup;
			children = (
				CDCA939022713F1200A38A3D /* YOTool.framework */,
				CDCA939922713F1200A38A3D /* YOToolTests.xctest */,
				CDCA93AE2271415300A38A3D /* YOToolDemo.app */,
				CDCA93C52271415400A38A3D /* YOToolDemoTests.xctest */,
				CDCA93D02271415400A38A3D /* YOToolDemoUITests.xctest */,
			);
			name = Products;
			sourceTree = "<group>";
		};
		CDCA939222713F1200A38A3D /* YOTool */ = {
			isa = PBXGroup;
			children = (
				CDCA939322713F1200A38A3D /* YOTool.h */,
				CDCA93E52271430400A38A3D /* UIView+YOTool.h */,
				CDCA93E62271430400A38A3D /* UIView+YOTool.m */,
				CDCA93F4227148F600A38A3D /* YOMainTool.h */,
				CDCA93F5227148F600A38A3D /* YOMainTool.m */,
				CDCA93FB22715E7F00A38A3D /* UIFont+YOTool.h */,
				CDCA93FC22715E7F00A38A3D /* UIFont+YOTool.m */,
				CDCA93FF227160F600A38A3D /* NSDictionary+YOLogTool.h */,
				CDCA9400227160F600A38A3D /* NSDictionary+YOLogTool.m */,
				CDCA94032271616300A38A3D /* UIImage+YOTool.h */,
				CDCA94042271616300A38A3D /* UIImage+YOTool.m */,
				CDCA940B22717AF300A38A3D /* UIViewController+YOTool.h */,
				CDCA940C22717AF300A38A3D /* UIViewController+YOTool.m */,
				CDCA940F22717E0200A38A3D /* NSMutableDictionary+YOTool.h */,
				CDCA941022717E0200A38A3D /* NSMutableDictionary+YOTool.m */,
				CD11729424EB79D600E3A934 /* NSMutableArray+YOTool.h */,
				CD11729524EB79D600E3A934 /* NSMutableArray+YOTool.m */,
				CDCA941322717E8400A38A3D /* NSNull+YOTool.h */,
				CDCA941422717E8400A38A3D /* NSNull+YOTool.m */,
				CDCA941722717F9900A38A3D /* UILabel+YOTool.h */,
				CDCA941822717F9900A38A3D /* UILabel+YOTool.m */,
				CDCA941B2271818300A38A3D /* UITextField+YOTool.h */,
				CDCA941C2271818300A38A3D /* UITextField+YOTool.m */,
				CDCA941F2271821A00A38A3D /* UIButton+YOTool.h */,
				CDCA94202271821A00A38A3D /* UIButton+YOTool.m */,
				CD7B891E265E4ADB00BAAA5E /* NSNumber+YOTool.h */,
				CD7B891F265E4ADB00BAAA5E /* NSNumber+YOTool.m */,
				CD7B8922265E4B0700BAAA5E /* NSString+YOTool.h */,
				CD7B8923265E4B0700BAAA5E /* NSString+YOTool.m */,
				CDCA94272271894200A38A3D /* YOPickView.h */,
				CDCA94282271894200A38A3D /* YOPickView.m */,
				CD11727C24EB6F8600E3A934 /* YOBaseView.h */,
				CD11727D24EB6F8600E3A934 /* YOBaseView.m */,
				CD11728024EB703600E3A934 /* YOBaseScroll.h */,
				CD11728124EB703600E3A934 /* YOBaseScroll.m */,
				CD11728424EB709B00E3A934 /* YOBaseCell.h */,
				CD11728524EB709B00E3A934 /* YOBaseCell.m */,
				CD11728824EB70FD00E3A934 /* YOBaseCollCell.h */,
				CD11728924EB70FD00E3A934 /* YOBaseCollCell.m */,
				CD7B8926265E4F7D00BAAA5E /* YOBaseField.h */,
				CD7B8927265E4F7D00BAAA5E /* YOBaseField.m */,
				CD11728C24EB752F00E3A934 /* YODatePickView.h */,
				CD11728D24EB752F00E3A934 /* YODatePickView.m */,
				CD11729024EB779E00E3A934 /* YOLocationTool.h */,
				CD11729124EB779E00E3A934 /* YOLocationTool.m */,
				CD7B891A265E43E600BAAA5E /* YOCollectionFlowLayout.h */,
				CD7B891B265E43E600BAAA5E /* YOCollectionFlowLayout.m */,
				CD7B892A265E50F500BAAA5E /* YORoundProgressView.h */,
				CD7B892B265E50F500BAAA5E /* YORoundProgressView.m */,
				CDCA939422713F1200A38A3D /* Info.plist */,
			);
			path = YOTool;
			sourceTree = "<group>";
		};
		CDCA939D22713F1200A38A3D /* YOToolTests */ = {
			isa = PBXGroup;
			children = (
				CDCA939E22713F1200A38A3D /* YOToolTests.m */,
				CDCA93A022713F1200A38A3D /* Info.plist */,
			);
			path = YOToolTests;
			sourceTree = "<group>";
		};
		CDCA93AF2271415300A38A3D /* YOToolDemo */ = {
			isa = PBXGroup;
			children = (
				CDCA93B02271415300A38A3D /* AppDelegate.h */,
				CDCA93B12271415300A38A3D /* AppDelegate.m */,
				CDCA93E22271421A00A38A3D /* YODemoMainVc.h */,
				CDCA93E32271421A00A38A3D /* YODemoMainVc.m */,
				CDCA93F8227157DD00A38A3D /* SecondVc.h */,
				CDCA93F9227157DD00A38A3D /* SecondVc.m */,
				CDCA93E92271439700A38A3D /* PrefixHeader.pch */,
				CDCA93B92271415400A38A3D /* Assets.xcassets */,
				CDCA93BB2271415400A38A3D /* LaunchScreen.storyboard */,
				CDCA93BE2271415400A38A3D /* Info.plist */,
				CDCA93BF2271415400A38A3D /* main.m */,
			);
			path = YOToolDemo;
			sourceTree = "<group>";
		};
		CDCA93C82271415400A38A3D /* YOToolDemoTests */ = {
			isa = PBXGroup;
			children = (
				CDCA93C92271415400A38A3D /* YOToolDemoTests.m */,
				CDCA93CB2271415400A38A3D /* Info.plist */,
			);
			path = YOToolDemoTests;
			sourceTree = "<group>";
		};
		CDCA93D32271415400A38A3D /* YOToolDemoUITests */ = {
			isa = PBXGroup;
			children = (
				CDCA93D42271415400A38A3D /* YOToolDemoUITests.m */,
				CDCA93D62271415400A38A3D /* Info.plist */,
			);
			path = YOToolDemoUITests;
			sourceTree = "<group>";
		};
		CDCA93E02271417000A38A3D /* Frameworks */ = {
			isa = PBXGroup;
			children = (
				CD92BA9122731E0700B44FD7 /* SystemConfiguration.framework */,
				10110B1B462D543F1368EA9C /* libPods-YOToolDemo.a */,
			);
			name = Frameworks;
			sourceTree = "<group>";
		};
/* End PBXGroup section */

/* Begin PBXHeadersBuildPhase section */
		CDCA938B22713F1200A38A3D /* Headers */ = {
			isa = PBXHeadersBuildPhase;
			buildActionMask = 2147483647;
			files = (
				CDCA941522717E8400A38A3D /* NSNull+YOTool.h in Headers */,
				CDCA941D2271818300A38A3D /* UITextField+YOTool.h in Headers */,
				CD7B8928265E4F7D00BAAA5E /* YOBaseField.h in Headers */,
				CD11727E24EB6F8600E3A934 /* YOBaseView.h in Headers */,
				CD11728A24EB70FD00E3A934 /* YOBaseCollCell.h in Headers */,
				CDCA94052271616300A38A3D /* UIImage+YOTool.h in Headers */,
				CDCA93A122713F1200A38A3D /* YOTool.h in Headers */,
				CD11728624EB709B00E3A934 /* YOBaseCell.h in Headers */,
				CD11729224EB779E00E3A934 /* YOLocationTool.h in Headers */,
				CDCA941922717F9900A38A3D /* UILabel+YOTool.h in Headers */,
				CD7B8924265E4B0700BAAA5E /* NSString+YOTool.h in Headers */,
				CDCA93F6227148F600A38A3D /* YOMainTool.h in Headers */,
				CD11728224EB703600E3A934 /* YOBaseScroll.h in Headers */,
				CDCA93E72271430400A38A3D /* UIView+YOTool.h in Headers */,
				CD11729624EB79D600E3A934 /* NSMutableArray+YOTool.h in Headers */,
				CDCA941122717E0200A38A3D /* NSMutableDictionary+YOTool.h in Headers */,
				CD7B891C265E43E600BAAA5E /* YOCollectionFlowLayout.h in Headers */,
				CDCA9401227160F600A38A3D /* NSDictionary+YOLogTool.h in Headers */,
				CDCA93FD22715E7F00A38A3D /* UIFont+YOTool.h in Headers */,
				CD7B892C265E50F500BAAA5E /* YORoundProgressView.h in Headers */,
				CDCA94212271821A00A38A3D /* UIButton+YOTool.h in Headers */,
				CD7B8920265E4ADB00BAAA5E /* NSNumber+YOTool.h in Headers */,
				CDCA94292271894200A38A3D /* YOPickView.h in Headers */,
				CD11728E24EB752F00E3A934 /* YODatePickView.h in Headers */,
				CDCA940D22717AF300A38A3D /* UIViewController+YOTool.h in Headers */,
			);
			runOnlyForDeploymentPostprocessing = 0;
		};
/* End PBXHeadersBuildPhase section */

/* Begin PBXNativeTarget section */
		CDCA938F22713F1200A38A3D /* YOTool */ = {
			isa = PBXNativeTarget;
			buildConfigurationList = CDCA93A422713F1200A38A3D /* Build configuration list for PBXNativeTarget "YOTool" */;
			buildPhases = (
				CDCA938B22713F1200A38A3D /* Headers */,
				CDCA938C22713F1200A38A3D /* Sources */,
				CDCA938D22713F1200A38A3D /* Frameworks */,
				CDCA938E22713F1200A38A3D /* Resources */,
			);
			buildRules = (
			);
			dependencies = (
			);
			name = YOTool;
			productName = YOTool;
			productReference = CDCA939022713F1200A38A3D /* YOTool.framework */;
			productType = "com.apple.product-type.framework";
		};
		CDCA939822713F1200A38A3D /* YOToolTests */ = {
			isa = PBXNativeTarget;
			buildConfigurationList = CDCA93A722713F1200A38A3D /* Build configuration list for PBXNativeTarget "YOToolTests" */;
			buildPhases = (
				CDCA939522713F1200A38A3D /* Sources */,
				CDCA939622713F1200A38A3D /* Frameworks */,
				CDCA939722713F1200A38A3D /* Resources */,
			);
			buildRules = (
			);
			dependencies = (
				CDCA939C22713F1200A38A3D /* PBXTargetDependency */,
			);
			name = YOToolTests;
			productName = YOToolTests;
			productReference = CDCA939922713F1200A38A3D /* YOToolTests.xctest */;
			productType = "com.apple.product-type.bundle.unit-test";
		};
		CDCA93AD2271415300A38A3D /* YOToolDemo */ = {
			isa = PBXNativeTarget;
			buildConfigurationList = CDCA93D72271415500A38A3D /* Build configuration list for PBXNativeTarget "YOToolDemo" */;
			buildPhases = (
				BEB069463BB206BF080C6292 /* [CP] Check Pods Manifest.lock */,
				CDCA93AA2271415300A38A3D /* Sources */,
				CDCA93AB2271415300A38A3D /* Frameworks */,
				CDCA93AC2271415300A38A3D /* Resources */,
			);
			buildRules = (
			);
			dependencies = (
			);
			name = YOToolDemo;
			productName = YOToolDemo;
			productReference = CDCA93AE2271415300A38A3D /* YOToolDemo.app */;
			productType = "com.apple.product-type.application";
		};
		CDCA93C42271415400A38A3D /* YOToolDemoTests */ = {
			isa = PBXNativeTarget;
			buildConfigurationList = CDCA93DA2271415500A38A3D /* Build configuration list for PBXNativeTarget "YOToolDemoTests" */;
			buildPhases = (
				CDCA93C12271415400A38A3D /* Sources */,
				CDCA93C22271415400A38A3D /* Frameworks */,
				CDCA93C32271415400A38A3D /* Resources */,
			);
			buildRules = (
			);
			dependencies = (
				CDCA93C72271415400A38A3D /* PBXTargetDependency */,
			);
			name = YOToolDemoTests;
			productName = YOToolDemoTests;
			productReference = CDCA93C52271415400A38A3D /* YOToolDemoTests.xctest */;
			productType = "com.apple.product-type.bundle.unit-test";
		};
		CDCA93CF2271415400A38A3D /* YOToolDemoUITests */ = {
			isa = PBXNativeTarget;
			buildConfigurationList = CDCA93DD2271415500A38A3D /* Build configuration list for PBXNativeTarget "YOToolDemoUITests" */;
			buildPhases = (
				CDCA93CC2271415400A38A3D /* Sources */,
				CDCA93CD2271415400A38A3D /* Frameworks */,
				CDCA93CE2271415400A38A3D /* Resources */,
			);
			buildRules = (
			);
			dependencies = (
				CDCA93D22271415400A38A3D /* PBXTargetDependency */,
			);
			name = YOToolDemoUITests;
			productName = YOToolDemoUITests;
			productReference = CDCA93D02271415400A38A3D /* YOToolDemoUITests.xctest */;
			productType = "com.apple.product-type.bundle.ui-testing";
		};
/* End PBXNativeTarget section */

/* Begin PBXProject section */
		CDCA938722713F1200A38A3D /* Project object */ = {
			isa = PBXProject;
			attributes = {
				LastUpgradeCheck = 1020;
				ORGANIZATIONNAME = jhj;
				TargetAttributes = {
					CDCA938F22713F1200A38A3D = {
						CreatedOnToolsVersion = 10.2;
					};
					CDCA939822713F1200A38A3D = {
						CreatedOnToolsVersion = 10.2;
					};
					CDCA93AD2271415300A38A3D = {
						CreatedOnToolsVersion = 10.2;
					};
					CDCA93C42271415400A38A3D = {
						CreatedOnToolsVersion = 10.2;
						TestTargetID = CDCA93AD2271415300A38A3D;
					};
					CDCA93CF2271415400A38A3D = {
						CreatedOnToolsVersion = 10.2;
						TestTargetID = CDCA93AD2271415300A38A3D;
					};
				};
			};
			buildConfigurationList = CDCA938A22713F1200A38A3D /* Build configuration list for PBXProject "YOTool" */;
			compatibilityVersion = "Xcode 9.3";
			developmentRegion = en;
			hasScannedForEncodings = 0;
			knownRegions = (
				en,
				Base,
			);
			mainGroup = CDCA938622713F1200A38A3D;
			productRefGroup = CDCA939122713F1200A38A3D /* Products */;
			projectDirPath = "";
			projectRoot = "";
			targets = (
				CDCA938F22713F1200A38A3D /* YOTool */,
				CDCA939822713F1200A38A3D /* YOToolTests */,
				CDCA93AD2271415300A38A3D /* YOToolDemo */,
				CDCA93C42271415400A38A3D /* YOToolDemoTests */,
				CDCA93CF2271415400A38A3D /* YOToolDemoUITests */,
			);
		};
/* End PBXProject section */

/* Begin PBXResourcesBuildPhase section */
		CDCA938E22713F1200A38A3D /* Resources */ = {
			isa = PBXResourcesBuildPhase;
			buildActionMask = 2147483647;
			files = (
			);
			runOnlyForDeploymentPostprocessing = 0;
		};
		CDCA939722713F1200A38A3D /* Resources */ = {
			isa = PBXResourcesBuildPhase;
			buildActionMask = 2147483647;
			files = (
			);
			runOnlyForDeploymentPostprocessing = 0;
		};
		CDCA93AC2271415300A38A3D /* Resources */ = {
			isa = PBXResourcesBuildPhase;
			buildActionMask = 2147483647;
			files = (
				CDCA93BD2271415400A38A3D /* LaunchScreen.storyboard in Resources */,
				CDCA93BA2271415400A38A3D /* Assets.xcassets in Resources */,
			);
			runOnlyForDeploymentPostprocessing = 0;
		};
		CDCA93C32271415400A38A3D /* Resources */ = {
			isa = PBXResourcesBuildPhase;
			buildActionMask = 2147483647;
			files = (
			);
			runOnlyForDeploymentPostprocessing = 0;
		};
		CDCA93CE2271415400A38A3D /* Resources */ = {
			isa = PBXResourcesBuildPhase;
			buildActionMask = 2147483647;
			files = (
			);
			runOnlyForDeploymentPostprocessing = 0;
		};
/* End PBXResourcesBuildPhase section */

/* Begin PBXShellScriptBuildPhase section */
		BEB069463BB206BF080C6292 /* [CP] Check Pods Manifest.lock */ = {
			isa = PBXShellScriptBuildPhase;
			buildActionMask = 2147483647;
			files = (
			);
			inputFileListPaths = (
			);
			inputPaths = (
				"${PODS_PODFILE_DIR_PATH}/Podfile.lock",
				"${PODS_ROOT}/Manifest.lock",
			);
			name = "[CP] Check Pods Manifest.lock";
			outputFileListPaths = (
			);
			outputPaths = (
				"$(DERIVED_FILE_DIR)/Pods-YOToolDemo-checkManifestLockResult.txt",
			);
			runOnlyForDeploymentPostprocessing = 0;
			shellPath = /bin/sh;
			shellScript = "diff \"${PODS_PODFILE_DIR_PATH}/Podfile.lock\" \"${PODS_ROOT}/Manifest.lock\" > /dev/null\nif [ $? != 0 ] ; then\n    # print error to STDERR\n    echo \"error: The sandbox is not in sync with the Podfile.lock. Run 'pod install' or update your CocoaPods installation.\" >&2\n    exit 1\nfi\n# This output is used by Xcode 'outputs' to avoid re-running this script phase.\necho \"SUCCESS\" > \"${SCRIPT_OUTPUT_FILE_0}\"\n";
			showEnvVarsInLog = 0;
		};
/* End PBXShellScriptBuildPhase section */

/* Begin PBXSourcesBuildPhase section */
		CDCA938C22713F1200A38A3D /* Sources */ = {
			isa = PBXSourcesBuildPhase;
			buildActionMask = 2147483647;
			files = (
				CDCA941222717E0200A38A3D /* NSMutableDictionary+YOTool.m in Sources */,
				CD7B891D265E43E600BAAA5E /* YOCollectionFlowLayout.m in Sources */,
				CDCA93F7227148F600A38A3D /* YOMainTool.m in Sources */,
				CD11729724EB79D600E3A934 /* NSMutableArray+YOTool.m in Sources */,
				CDCA94062271616300A38A3D /* UIImage+YOTool.m in Sources */,
				CDCA940E22717AF300A38A3D /* UIViewController+YOTool.m in Sources */,
				CDCA9402227160F600A38A3D /* NSDictionary+YOLogTool.m in Sources */,
				CD7B8925265E4B0700BAAA5E /* NSString+YOTool.m in Sources */,
				CD7B892D265E50F500BAAA5E /* YORoundProgressView.m in Sources */,
				CDCA942A2271894200A38A3D /* YOPickView.m in Sources */,
				CDCA941E2271818300A38A3D /* UITextField+YOTool.m in Sources */,
				CDCA94222271821A00A38A3D /* UIButton+YOTool.m in Sources */,
				CD7B8921265E4ADB00BAAA5E /* NSNumber+YOTool.m in Sources */,
				CD11728B24EB70FD00E3A934 /* YOBaseCollCell.m in Sources */,
				CD7B8929265E4F7D00BAAA5E /* YOBaseField.m in Sources */,
				CD11728F24EB752F00E3A934 /* YODatePickView.m in Sources */,
				CDCA93E82271430400A38A3D /* UIView+YOTool.m in Sources */,
				CD11728324EB703600E3A934 /* YOBaseScroll.m in Sources */,
				CD11727F24EB6F8600E3A934 /* YOBaseView.m in Sources */,
				CDCA941A22717F9900A38A3D /* UILabel+YOTool.m in Sources */,
				CD11729324EB779E00E3A934 /* YOLocationTool.m in Sources */,
				CDCA93FE22715E7F00A38A3D /* UIFont+YOTool.m in Sources */,
				CDCA941622717E8400A38A3D /* NSNull+YOTool.m in Sources */,
				CD11728724EB709B00E3A934 /* YOBaseCell.m in Sources */,
			);
			runOnlyForDeploymentPostprocessing = 0;
		};
		CDCA939522713F1200A38A3D /* Sources */ = {
			isa = PBXSourcesBuildPhase;
			buildActionMask = 2147483647;
			files = (
				CDCA939F22713F1200A38A3D /* YOToolTests.m in Sources */,
			);
			runOnlyForDeploymentPostprocessing = 0;
		};
		CDCA93AA2271415300A38A3D /* Sources */ = {
			isa = PBXSourcesBuildPhase;
			buildActionMask = 2147483647;
			files = (
				CDCA93C02271415400A38A3D /* main.m in Sources */,
				CDCA93B22271415300A38A3D /* AppDelegate.m in Sources */,
				CDCA93FA227157DD00A38A3D /* SecondVc.m in Sources */,
				CDCA93E42271421A00A38A3D /* YODemoMainVc.m in Sources */,
			);
			runOnlyForDeploymentPostprocessing = 0;
		};
		CDCA93C12271415400A38A3D /* Sources */ = {
			isa = PBXSourcesBuildPhase;
			buildActionMask = 2147483647;
			files = (
				CDCA93CA2271415400A38A3D /* YOToolDemoTests.m in Sources */,
			);
			runOnlyForDeploymentPostprocessing = 0;
		};
		CDCA93CC2271415400A38A3D /* Sources */ = {
			isa = PBXSourcesBuildPhase;
			buildActionMask = 2147483647;
			files = (
				CDCA93D52271415400A38A3D /* YOToolDemoUITests.m in Sources */,
			);
			runOnlyForDeploymentPostprocessing = 0;
		};
/* End PBXSourcesBuildPhase section */

/* Begin PBXTargetDependency section */
		CDCA939C22713F1200A38A3D /* PBXTargetDependency */ = {
			isa = PBXTargetDependency;
			target = CDCA938F22713F1200A38A3D /* YOTool */;
			targetProxy = CDCA939B22713F1200A38A3D /* PBXContainerItemProxy */;
		};
		CDCA93C72271415400A38A3D /* PBXTargetDependency */ = {
			isa = PBXTargetDependency;
			target = CDCA93AD2271415300A38A3D /* YOToolDemo */;
			targetProxy = CDCA93C62271415400A38A3D /* PBXContainerItemProxy */;
		};
		CDCA93D22271415400A38A3D /* PBXTargetDependency */ = {
			isa = PBXTargetDependency;
			target = CDCA93AD2271415300A38A3D /* YOToolDemo */;
			targetProxy = CDCA93D12271415400A38A3D /* PBXContainerItemProxy */;
		};
/* End PBXTargetDependency section */

/* Begin PBXVariantGroup section */
		CDCA93BB2271415400A38A3D /* LaunchScreen.storyboard */ = {
			isa = PBXVariantGroup;
			children = (
				CDCA93BC2271415400A38A3D /* Base */,
			);
			name = LaunchScreen.storyboard;
			sourceTree = "<group>";
		};
/* End PBXVariantGroup section */

/* Begin XCBuildConfiguration section */
		CDCA93A222713F1200A38A3D /* Debug */ = {
			isa = XCBuildConfiguration;
			buildSettings = {
				ALWAYS_SEARCH_USER_PATHS = NO;
				CLANG_ANALYZER_NONNULL = YES;
				CLANG_ANALYZER_NUMBER_OBJECT_CONVERSION = YES_AGGRESSIVE;
				CLANG_CXX_LANGUAGE_STANDARD = "gnu++14";
				CLANG_CXX_LIBRARY = "libc++";
				CLANG_ENABLE_MODULES = YES;
				CLANG_ENABLE_OBJC_ARC = YES;
				CLANG_ENABLE_OBJC_WEAK = YES;
				CLANG_WARN_BLOCK_CAPTURE_AUTORELEASING = YES;
				CLANG_WARN_BOOL_CONVERSION = YES;
				CLANG_WARN_COMMA = YES;
				CLANG_WARN_CONSTANT_CONVERSION = YES;
				CLANG_WARN_DEPRECATED_OBJC_IMPLEMENTATIONS = YES;
				CLANG_WARN_DIRECT_OBJC_ISA_USAGE = YES_ERROR;
				CLANG_WARN_DOCUMENTATION_COMMENTS = YES;
				CLANG_WARN_EMPTY_BODY = YES;
				CLANG_WARN_ENUM_CONVERSION = YES;
				CLANG_WARN_INFINITE_RECURSION = YES;
				CLANG_WARN_INT_CONVERSION = YES;
				CLANG_WARN_NON_LITERAL_NULL_CONVERSION = YES;
				CLANG_WARN_OBJC_IMPLICIT_RETAIN_SELF = YES;
				CLANG_WARN_OBJC_LITERAL_CONVERSION = YES;
				CLANG_WARN_OBJC_ROOT_CLASS = YES_ERROR;
				CLANG_WARN_RANGE_LOOP_ANALYSIS = YES;
				CLANG_WARN_STRICT_PROTOTYPES = YES;
				CLANG_WARN_SUSPICIOUS_MOVE = YES;
				CLANG_WARN_UNGUARDED_AVAILABILITY = YES_AGGRESSIVE;
				CLANG_WARN_UNREACHABLE_CODE = YES;
				CLANG_WARN__DUPLICATE_METHOD_MATCH = YES;
				CODE_SIGN_IDENTITY = "iPhone Developer";
				COPY_PHASE_STRIP = NO;
				CURRENT_PROJECT_VERSION = 1;
				DEBUG_INFORMATION_FORMAT = dwarf;
				ENABLE_STRICT_OBJC_MSGSEND = YES;
				ENABLE_TESTABILITY = YES;
				GCC_C_LANGUAGE_STANDARD = gnu11;
				GCC_DYNAMIC_NO_PIC = NO;
				GCC_NO_COMMON_BLOCKS = YES;
				GCC_OPTIMIZATION_LEVEL = 0;
				GCC_PREPROCESSOR_DEFINITIONS = (
					"DEBUG=1",
					"$(inherited)",
				);
				GCC_WARN_64_TO_32_BIT_CONVERSION = YES;
				GCC_WARN_ABOUT_RETURN_TYPE = YES_ERROR;
				GCC_WARN_UNDECLARED_SELECTOR = YES;
				GCC_WARN_UNINITIALIZED_AUTOS = YES_AGGRESSIVE;
				GCC_WARN_UNUSED_FUNCTION = YES;
				GCC_WARN_UNUSED_VARIABLE = YES;
				IPHONEOS_DEPLOYMENT_TARGET = 12.2;
				MTL_ENABLE_DEBUG_INFO = INCLUDE_SOURCE;
				MTL_FAST_MATH = YES;
				ONLY_ACTIVE_ARCH = YES;
				SDKROOT = iphoneos;
				VERSIONING_SYSTEM = "apple-generic";
				VERSION_INFO_PREFIX = "";
			};
			name = Debug;
		};
		CDCA93A322713F1200A38A3D /* Release */ = {
			isa = XCBuildConfiguration;
			buildSettings = {
				ALWAYS_SEARCH_USER_PATHS = NO;
				CLANG_ANALYZER_NONNULL = YES;
				CLANG_ANALYZER_NUMBER_OBJECT_CONVERSION = YES_AGGRESSIVE;
				CLANG_CXX_LANGUAGE_STANDARD = "gnu++14";
				CLANG_CXX_LIBRARY = "libc++";
				CLANG_ENABLE_MODULES = YES;
				CLANG_ENABLE_OBJC_ARC = YES;
				CLANG_ENABLE_OBJC_WEAK = YES;
				CLANG_WARN_BLOCK_CAPTURE_AUTORELEASING = YES;
				CLANG_WARN_BOOL_CONVERSION = YES;
				CLANG_WARN_COMMA = YES;
				CLANG_WARN_CONSTANT_CONVERSION = YES;
				CLANG_WARN_DEPRECATED_OBJC_IMPLEMENTATIONS = YES;
				CLANG_WARN_DIRECT_OBJC_ISA_USAGE = YES_ERROR;
				CLANG_WARN_DOCUMENTATION_COMMENTS = YES;
				CLANG_WARN_EMPTY_BODY = YES;
				CLANG_WARN_ENUM_CONVERSION = YES;
				CLANG_WARN_INFINITE_RECURSION = YES;
				CLANG_WARN_INT_CONVERSION = YES;
				CLANG_WARN_NON_LITERAL_NULL_CONVERSION = YES;
				CLANG_WARN_OBJC_IMPLICIT_RETAIN_SELF = YES;
				CLANG_WARN_OBJC_LITERAL_CONVERSION = YES;
				CLANG_WARN_OBJC_ROOT_CLASS = YES_ERROR;
				CLANG_WARN_RANGE_LOOP_ANALYSIS = YES;
				CLANG_WARN_STRICT_PROTOTYPES = YES;
				CLANG_WARN_SUSPICIOUS_MOVE = YES;
				CLANG_WARN_UNGUARDED_AVAILABILITY = YES_AGGRESSIVE;
				CLANG_WARN_UNREACHABLE_CODE = YES;
				CLANG_WARN__DUPLICATE_METHOD_MATCH = YES;
				CODE_SIGN_IDENTITY = "iPhone Developer";
				COPY_PHASE_STRIP = NO;
				CURRENT_PROJECT_VERSION = 1;
				DEBUG_INFORMATION_FORMAT = "dwarf-with-dsym";
				ENABLE_NS_ASSERTIONS = NO;
				ENABLE_STRICT_OBJC_MSGSEND = YES;
				GCC_C_LANGUAGE_STANDARD = gnu11;
				GCC_NO_COMMON_BLOCKS = YES;
				GCC_WARN_64_TO_32_BIT_CONVERSION = YES;
				GCC_WARN_ABOUT_RETURN_TYPE = YES_ERROR;
				GCC_WARN_UNDECLARED_SELECTOR = YES;
				GCC_WARN_UNINITIALIZED_AUTOS = YES_AGGRESSIVE;
				GCC_WARN_UNUSED_FUNCTION = YES;
				GCC_WARN_UNUSED_VARIABLE = YES;
				IPHONEOS_DEPLOYMENT_TARGET = 12.2;
				MTL_ENABLE_DEBUG_INFO = NO;
				MTL_FAST_MATH = YES;
				SDKROOT = iphoneos;
				VALIDATE_PRODUCT = YES;
				VERSIONING_SYSTEM = "apple-generic";
				VERSION_INFO_PREFIX = "";
			};
			name = Release;
		};
		CDCA93A522713F1200A38A3D /* Debug */ = {
			isa = XCBuildConfiguration;
			buildSettings = {
				CODE_SIGN_IDENTITY = "";
				CODE_SIGN_STYLE = Automatic;
				DEFINES_MODULE = YES;
				DYLIB_COMPATIBILITY_VERSION = 1;
				DYLIB_CURRENT_VERSION = 1;
				DYLIB_INSTALL_NAME_BASE = "@rpath";
				INFOPLIST_FILE = YOTool/Info.plist;
				INSTALL_PATH = "$(LOCAL_LIBRARY_DIR)/Frameworks";
				IPHONEOS_DEPLOYMENT_TARGET = 8.0;
				LD_RUNPATH_SEARCH_PATHS = (
					"$(inherited)",
					"@executable_path/Frameworks",
					"@loader_path/Frameworks",
				);
				MACH_O_TYPE = staticlib;
				MARKETING_VERSION = 1.3.1;
				OTHER_CFLAGS = "-fembed-bitcode";
				OTHER_LDFLAGS = "-ObjC";
				PRODUCT_BUNDLE_IDENTIFIER = jhj.YOTool;
				PRODUCT_NAME = "$(TARGET_NAME:c99extidentifier)";
				SKIP_INSTALL = YES;
				TARGETED_DEVICE_FAMILY = "1,2";
			};
			name = Debug;
		};
		CDCA93A622713F1200A38A3D /* Release */ = {
			isa = XCBuildConfiguration;
			buildSettings = {
				CODE_SIGN_IDENTITY = "";
				CODE_SIGN_STYLE = Automatic;
				DEFINES_MODULE = YES;
				DYLIB_COMPATIBILITY_VERSION = 1;
				DYLIB_CURRENT_VERSION = 1;
				DYLIB_INSTALL_NAME_BASE = "@rpath";
				INFOPLIST_FILE = YOTool/Info.plist;
				INSTALL_PATH = "$(LOCAL_LIBRARY_DIR)/Frameworks";
				IPHONEOS_DEPLOYMENT_TARGET = 8.0;
				LD_RUNPATH_SEARCH_PATHS = (
					"$(inherited)",
					"@executable_path/Frameworks",
					"@loader_path/Frameworks",
				);
				MACH_O_TYPE = staticlib;
				MARKETING_VERSION = 1.3.1;
				OTHER_CFLAGS = "-fembed-bitcode";
				OTHER_LDFLAGS = "-ObjC";
				PRODUCT_BUNDLE_IDENTIFIER = jhj.YOTool;
				PRODUCT_NAME = "$(TARGET_NAME:c99extidentifier)";
				SKIP_INSTALL = YES;
				TARGETED_DEVICE_FAMILY = "1,2";
			};
			name = Release;
		};
		CDCA93A822713F1200A38A3D /* Debug */ = {
			isa = XCBuildConfiguration;
			buildSettings = {
				CODE_SIGN_STYLE = Automatic;
				INFOPLIST_FILE = YOToolTests/Info.plist;
				LD_RUNPATH_SEARCH_PATHS = (
					"$(inherited)",
					"@executable_path/Frameworks",
					"@loader_path/Frameworks",
				);
				PRODUCT_BUNDLE_IDENTIFIER = jhj.YOToolTests;
				PRODUCT_NAME = "$(TARGET_NAME)";
				TARGETED_DEVICE_FAMILY = "1,2";
			};
			name = Debug;
		};
		CDCA93A922713F1200A38A3D /* Release */ = {
			isa = XCBuildConfiguration;
			buildSettings = {
				CODE_SIGN_STYLE = Automatic;
				INFOPLIST_FILE = YOToolTests/Info.plist;
				LD_RUNPATH_SEARCH_PATHS = (
					"$(inherited)",
					"@executable_path/Frameworks",
					"@loader_path/Frameworks",
				);
				PRODUCT_BUNDLE_IDENTIFIER = jhj.YOToolTests;
				PRODUCT_NAME = "$(TARGET_NAME)";
				TARGETED_DEVICE_FAMILY = "1,2";
			};
			name = Release;
		};
		CDCA93D82271415500A38A3D /* Debug */ = {
			isa = XCBuildConfiguration;
			baseConfigurationReference = 65E81132B83C257BEDE99DD0 /* Pods-YOToolDemo.debug.xcconfig */;
			buildSettings = {
				ASSETCATALOG_COMPILER_APPICON_NAME = AppIcon;
				CODE_SIGN_IDENTITY = "Apple Development";
				CODE_SIGN_STYLE = Automatic;
				DEVELOPMENT_TEAM = J4FP9RY6SG;
				GCC_PREFIX_HEADER = "$(SRCROOT)/YOToolDemo/PrefixHeader.pch";
				INFOPLIST_FILE = YOToolDemo/Info.plist;
				IPHONEOS_DEPLOYMENT_TARGET = 8.0;
				LD_RUNPATH_SEARCH_PATHS = (
					"$(inherited)",
					"@executable_path/Frameworks",
				);
				OTHER_LDFLAGS = "-all_load\n";
				PRODUCT_BUNDLE_IDENTIFIER = jhj.YOToolDemo;
				PRODUCT_NAME = "$(TARGET_NAME)";
				PROVISIONING_PROFILE_SPECIFIER = "";
				TARGETED_DEVICE_FAMILY = "1,2";
			};
			name = Debug;
		};
		CDCA93D92271415500A38A3D /* Release */ = {
			isa = XCBuildConfiguration;
			baseConfigurationReference = 418FBD89FA842A5F9303EB6C /* Pods-YOToolDemo.release.xcconfig */;
			buildSettings = {
				ASSETCATALOG_COMPILER_APPICON_NAME = AppIcon;
				CODE_SIGN_IDENTITY = "Apple Development";
				CODE_SIGN_STYLE = Automatic;
				DEVELOPMENT_TEAM = J4FP9RY6SG;
				GCC_PREFIX_HEADER = "$(SRCROOT)/YOToolDemo/PrefixHeader.pch";
				INFOPLIST_FILE = YOToolDemo/Info.plist;
				IPHONEOS_DEPLOYMENT_TARGET = 8.0;
				LD_RUNPATH_SEARCH_PATHS = (
					"$(inherited)",
					"@executable_path/Frameworks",
				);
				OTHER_LDFLAGS = "-all_load\n";
				PRODUCT_BUNDLE_IDENTIFIER = jhj.YOToolDemo;
				PRODUCT_NAME = "$(TARGET_NAME)";
				PROVISIONING_PROFILE_SPECIFIER = "";
				TARGETED_DEVICE_FAMILY = "1,2";
			};
			name = Release;
		};
		CDCA93DB2271415500A38A3D /* Debug */ = {
			isa = XCBuildConfiguration;
			buildSettings = {
				BUNDLE_LOADER = "$(TEST_HOST)";
				CODE_SIGN_STYLE = Automatic;
				INFOPLIST_FILE = YOToolDemoTests/Info.plist;
				LD_RUNPATH_SEARCH_PATHS = (
					"$(inherited)",
					"@executable_path/Frameworks",
					"@loader_path/Frameworks",
				);
				PRODUCT_BUNDLE_IDENTIFIER = jhj.YOToolDemoTests;
				PRODUCT_NAME = "$(TARGET_NAME)";
				TARGETED_DEVICE_FAMILY = "1,2";
				TEST_HOST = "$(BUILT_PRODUCTS_DIR)/YOToolDemo.app/YOToolDemo";
			};
			name = Debug;
		};
		CDCA93DC2271415500A38A3D /* Release */ = {
			isa = XCBuildConfiguration;
			buildSettings = {
				BUNDLE_LOADER = "$(TEST_HOST)";
				CODE_SIGN_STYLE = Automatic;
				INFOPLIST_FILE = YOToolDemoTests/Info.plist;
				LD_RUNPATH_SEARCH_PATHS = (
					"$(inherited)",
					"@executable_path/Frameworks",
					"@loader_path/Frameworks",
				);
				PRODUCT_BUNDLE_IDENTIFIER = jhj.YOToolDemoTests;
				PRODUCT_NAME = "$(TARGET_NAME)";
				TARGETED_DEVICE_FAMILY = "1,2";
				TEST_HOST = "$(BUILT_PRODUCTS_DIR)/YOToolDemo.app/YOToolDemo";
			};
			name = Release;
		};
		CDCA93DE2271415500A38A3D /* Debug */ = {
			isa = XCBuildConfiguration;
			buildSettings = {
				CODE_SIGN_STYLE = Automatic;
				INFOPLIST_FILE = YOToolDemoUITests/Info.plist;
				LD_RUNPATH_SEARCH_PATHS = (
					"$(inherited)",
					"@executable_path/Frameworks",
					"@loader_path/Frameworks",
				);
				PRODUCT_BUNDLE_IDENTIFIER = jhj.YOToolDemoUITests;
				PRODUCT_NAME = "$(TARGET_NAME)";
				TARGETED_DEVICE_FAMILY = "1,2";
				TEST_TARGET_NAME = YOToolDemo;
			};
			name = Debug;
		};
		CDCA93DF2271415500A38A3D /* Release */ = {
			isa = XCBuildConfiguration;
			buildSettings = {
				CODE_SIGN_STYLE = Automatic;
				INFOPLIST_FILE = YOToolDemoUITests/Info.plist;
				LD_RUNPATH_SEARCH_PATHS = (
					"$(inherited)",
					"@executable_path/Frameworks",
					"@loader_path/Frameworks",
				);
				PRODUCT_BUNDLE_IDENTIFIER = jhj.YOToolDemoUITests;
				PRODUCT_NAME = "$(TARGET_NAME)";
				TARGETED_DEVICE_FAMILY = "1,2";
				TEST_TARGET_NAME = YOToolDemo;
			};
			name = Release;
		};
/* End XCBuildConfiguration section */

/* Begin XCConfigurationList section */
		CDCA938A22713F1200A38A3D /* Build configuration list for PBXProject "YOTool" */ = {
			isa = XCConfigurationList;
			buildConfigurations = (
				CDCA93A222713F1200A38A3D /* Debug */,
				CDCA93A322713F1200A38A3D /* Release */,
			);
			defaultConfigurationIsVisible = 0;
			defaultConfigurationName = Release;
		};
		CDCA93A422713F1200A38A3D /* Build configuration list for PBXNativeTarget "YOTool" */ = {
			isa = XCConfigurationList;
			buildConfigurations = (
				CDCA93A522713F1200A38A3D /* Debug */,
				CDCA93A622713F1200A38A3D /* Release */,
			);
			defaultConfigurationIsVisible = 0;
			defaultConfigurationName = Release;
		};
		CDCA93A722713F1200A38A3D /* Build configuration list for PBXNativeTarget "YOToolTests" */ = {
			isa = XCConfigurationList;
			buildConfigurations = (
				CDCA93A822713F1200A38A3D /* Debug */,
				CDCA93A922713F1200A38A3D /* Release */,
			);
			defaultConfigurationIsVisible = 0;
			defaultConfigurationName = Release;
		};
		CDCA93D72271415500A38A3D /* Build configuration list for PBXNativeTarget "YOToolDemo" */ = {
			isa = XCConfigurationList;
			buildConfigurations = (
				CDCA93D82271415500A38A3D /* Debug */,
				CDCA93D92271415500A38A3D /* Release */,
			);
			defaultConfigurationIsVisible = 0;
			defaultConfigurationName = Release;
		};
		CDCA93DA2271415500A38A3D /* Build configuration list for PBXNativeTarget "YOToolDemoTests" */ = {
			isa = XCConfigurationList;
			buildConfigurations = (
				CDCA93DB2271415500A38A3D /* Debug */,
				CDCA93DC2271415500A38A3D /* Release */,
			);
			defaultConfigurationIsVisible = 0;
			defaultConfigurationName = Release;
		};
		CDCA93DD2271415500A38A3D /* Build configuration list for PBXNativeTarget "YOToolDemoUITests" */ = {
			isa = XCConfigurationList;
			buildConfigurations = (
				CDCA93DE2271415500A38A3D /* Debug */,
				CDCA93DF2271415500A38A3D /* Release */,
			);
			defaultConfigurationIsVisible = 0;
			defaultConfigurationName = Release;
		};
/* End XCConfigurationList section */
	};
	rootObject = CDCA938722713F1200A38A3D /* Project object */;
}
